// !$*UTF8*$!
{
	archiveVersion = 1;
	classes = {
	};
	objectVersion = 56;
	objects = {

/* Begin PBXBuildFile section */
		DF7FCBF62BECBA150027DDFD /* ShoppingPjApp.swift in Sources */ = {isa = PBXBuildFile; fileRef = DF7FCBF52BECBA150027DDFD /* ShoppingPjApp.swift */; };
		DF7FCBF82BECBA150027DDFD /* SearchView.swift in Sources */ = {isa = PBXBuildFile; fileRef = DF7FCBF72BECBA150027DDFD /* SearchView.swift */; };
		DF7FCBFA2BECBA170027DDFD /* Assets.xcassets in Resources */ = {isa = PBXBuildFile; fileRef = DF7FCBF92BECBA170027DDFD /* Assets.xcassets */; };
		DF7FCBFD2BECBA170027DDFD /* Preview Assets.xcassets in Resources */ = {isa = PBXBuildFile; fileRef = DF7FCBFC2BECBA170027DDFD /* Preview Assets.xcassets */; };
		DF7FCC072BECBA170027DDFD /* ShoppingPjTests.swift in Sources */ = {isa = PBXBuildFile; fileRef = DF7FCC062BECBA170027DDFD /* ShoppingPjTests.swift */; };
		DF7FCC112BECBA170027DDFD /* ShoppingPjUITests.swift in Sources */ = {isa = PBXBuildFile; fileRef = DF7FCC102BECBA170027DDFD /* ShoppingPjUITests.swift */; };
		DF7FCC132BECBA170027DDFD /* ShoppingPjUITestsLaunchTests.swift in Sources */ = {isa = PBXBuildFile; fileRef = DF7FCC122BECBA170027DDFD /* ShoppingPjUITestsLaunchTests.swift */; };
		DF7FCC222BECE36D0027DDFD /* SearchViewModel.swift in Sources */ = {isa = PBXBuildFile; fileRef = DF7FCC212BECE36D0027DDFD /* SearchViewModel.swift */; };
		DF7FCC242BECE3A90027DDFD /* ViewModelType.swift in Sources */ = {isa = PBXBuildFile; fileRef = DF7FCC232BECE3A90027DDFD /* ViewModelType.swift */; };
		DF7FCC282BECE57F0027DDFD /* SearchData.swift in Sources */ = {isa = PBXBuildFile; fileRef = DF7FCC272BECE57F0027DDFD /* SearchData.swift */; };
		DF7FCC2B2BECEAEE0027DDFD /* ButtonViewModifier.swift in Sources */ = {isa = PBXBuildFile; fileRef = DF7FCC2A2BECEAEE0027DDFD /* ButtonViewModifier.swift */; };
		DF7FCC2D2BECF2280027DDFD /* TopHeaderView.swift in Sources */ = {isa = PBXBuildFile; fileRef = DF7FCC2C2BECF2280027DDFD /* TopHeaderView.swift */; };
		DF7FCC322BECF7110027DDFD /* SearchResultView.swift in Sources */ = {isa = PBXBuildFile; fileRef = DF7FCC312BECF7110027DDFD /* SearchResultView.swift */; };
		DF7FCC342BECF8800027DDFD /* SearchResultViewModel.swift in Sources */ = {isa = PBXBuildFile; fileRef = DF7FCC332BECF8800027DDFD /* SearchResultViewModel.swift */; };
/* End PBXBuildFile section */

/* Begin PBXContainerItemProxy section */
		DF7FCC032BECBA170027DDFD /* PBXContainerItemProxy */ = {
			isa = PBXContainerItemProxy;
			containerPortal = DF7FCBEA2BECBA150027DDFD /* Project object */;
			proxyType = 1;
			remoteGlobalIDString = DF7FCBF12BECBA150027DDFD;
			remoteInfo = ShoppingPj;
		};
		DF7FCC0D2BECBA170027DDFD /* PBXContainerItemProxy */ = {
			isa = PBXContainerItemProxy;
			containerPortal = DF7FCBEA2BECBA150027DDFD /* Project object */;
			proxyType = 1;
			remoteGlobalIDString = DF7FCBF12BECBA150027DDFD;
			remoteInfo = ShoppingPj;
		};
/* End PBXContainerItemProxy section */

/* Begin PBXFileReference section */
		DF7FCBF22BECBA150027DDFD /* ShoppingPj.app */ = {isa = PBXFileReference; explicitFileType = wrapper.application; includeInIndex = 0; path = ShoppingPj.app; sourceTree = BUILT_PRODUCTS_DIR; };
		DF7FCBF52BECBA150027DDFD /* ShoppingPjApp.swift */ = {isa = PBXFileReference; lastKnownFileType = sourcecode.swift; path = ShoppingPjApp.swift; sourceTree = "<group>"; };
		DF7FCBF72BECBA150027DDFD /* SearchView.swift */ = {isa = PBXFileReference; lastKnownFileType = sourcecode.swift; path = SearchView.swift; sourceTree = "<group>"; };
		DF7FCBF92BECBA170027DDFD /* Assets.xcassets */ = {isa = PBXFileReference; lastKnownFileType = folder.assetcatalog; path = Assets.xcassets; sourceTree = "<group>"; };
		DF7FCBFC2BECBA170027DDFD /* Preview Assets.xcassets */ = {isa = PBXFileReference; lastKnownFileType = folder.assetcatalog; path = "Preview Assets.xcassets"; sourceTree = "<group>"; };
		DF7FCC022BECBA170027DDFD /* ShoppingPjTests.xctest */ = {isa = PBXFileReference; explicitFileType = wrapper.cfbundle; includeInIndex = 0; path = ShoppingPjTests.xctest; sourceTree = BUILT_PRODUCTS_DIR; };
		DF7FCC062BECBA170027DDFD /* ShoppingPjTests.swift */ = {isa = PBXFileReference; lastKnownFileType = sourcecode.swift; path = ShoppingPjTests.swift; sourceTree = "<group>"; };
		DF7FCC0C2BECBA170027DDFD /* ShoppingPjUITests.xctest */ = {isa = PBXFileReference; explicitFileType = wrapper.cfbundle; includeInIndex = 0; path = ShoppingPjUITests.xctest; sourceTree = BUILT_PRODUCTS_DIR; };
		DF7FCC102BECBA170027DDFD /* ShoppingPjUITests.swift */ = {isa = PBXFileReference; lastKnownFileType = sourcecode.swift; path = ShoppingPjUITests.swift; sourceTree = "<group>"; };
		DF7FCC122BECBA170027DDFD /* ShoppingPjUITestsLaunchTests.swift */ = {isa = PBXFileReference; lastKnownFileType = sourcecode.swift; path = ShoppingPjUITestsLaunchTests.swift; sourceTree = "<group>"; };
		DF7FCC212BECE36D0027DDFD /* SearchViewModel.swift */ = {isa = PBXFileReference; lastKnownFileType = sourcecode.swift; path = SearchViewModel.swift; sourceTree = "<group>"; };
		DF7FCC232BECE3A90027DDFD /* ViewModelType.swift */ = {isa = PBXFileReference; lastKnownFileType = sourcecode.swift; path = ViewModelType.swift; sourceTree = "<group>"; };
		DF7FCC272BECE57F0027DDFD /* SearchData.swift */ = {isa = PBXFileReference; lastKnownFileType = sourcecode.swift; path = SearchData.swift; sourceTree = "<group>"; };
		DF7FCC2A2BECEAEE0027DDFD /* ButtonViewModifier.swift */ = {isa = PBXFileReference; lastKnownFileType = sourcecode.swift; path = ButtonViewModifier.swift; sourceTree = "<group>"; };
		DF7FCC2C2BECF2280027DDFD /* TopHeaderView.swift */ = {isa = PBXFileReference; lastKnownFileType = sourcecode.swift; path = TopHeaderView.swift; sourceTree = "<group>"; };
		DF7FCC312BECF7110027DDFD /* SearchResultView.swift */ = {isa = PBXFileReference; lastKnownFileType = sourcecode.swift; path = SearchResultView.swift; sourceTree = "<group>"; };
		DF7FCC332BECF8800027DDFD /* SearchResultViewModel.swift */ = {isa = PBXFileReference; lastKnownFileType = sourcecode.swift; path = SearchResultViewModel.swift; sourceTree = "<group>"; };
/* End PBXFileReference section */

/* Begin PBXFrameworksBuildPhase section */
		DF7FCBEF2BECBA150027DDFD /* Frameworks */ = {
			isa = PBXFrameworksBuildPhase;
			buildActionMask = 2147483647;
			files = (
			);
			runOnlyForDeploymentPostprocessing = 0;
		};
		DF7FCBFF2BECBA170027DDFD /* Frameworks */ = {
			isa = PBXFrameworksBuildPhase;
			buildActionMask = 2147483647;
			files = (
			);
			runOnlyForDeploymentPostprocessing = 0;
		};
		DF7FCC092BECBA170027DDFD /* Frameworks */ = {
			isa = PBXFrameworksBuildPhase;
			buildActionMask = 2147483647;
			files = (
			);
			runOnlyForDeploymentPostprocessing = 0;
		};
/* End PBXFrameworksBuildPhase section */

/* Begin PBXGroup section */
		DF7FCBE92BECBA150027DDFD = {
			isa = PBXGroup;
			children = (
				DF7FCBF42BECBA150027DDFD /* ShoppingPj */,
				DF7FCC052BECBA170027DDFD /* ShoppingPjTests */,
				DF7FCC0F2BECBA170027DDFD /* ShoppingPjUITests */,
				DF7FCBF32BECBA150027DDFD /* Products */,
			);
			sourceTree = "<group>";
		};
		DF7FCBF32BECBA150027DDFD /* Products */ = {
			isa = PBXGroup;
			children = (
				DF7FCBF22BECBA150027DDFD /* ShoppingPj.app */,
				DF7FCC022BECBA170027DDFD /* ShoppingPjTests.xctest */,
				DF7FCC0C2BECBA170027DDFD /* ShoppingPjUITests.xctest */,
			);
			name = Products;
			sourceTree = "<group>";
		};
		DF7FCBF42BECBA150027DDFD /* ShoppingPj */ = {
			isa = PBXGroup;
			children = (
				DF7FCC2E2BECF45E0027DDFD /* SearchResult */,
				DF7FCC1F2BECE3360027DDFD /* Search */,
				DF7FCBF52BECBA150027DDFD /* ShoppingPjApp.swift */,
				DF7FCBF92BECBA170027DDFD /* Assets.xcassets */,
				DF7FCBFB2BECBA170027DDFD /* Preview Content */,
				DF7FCC232BECE3A90027DDFD /* ViewModelType.swift */,
			);
			path = ShoppingPj;
			sourceTree = "<group>";
		};
		DF7FCBFB2BECBA170027DDFD /* Preview Content */ = {
			isa = PBXGroup;
			children = (
				DF7FCBFC2BECBA170027DDFD /* Preview Assets.xcassets */,
			);
			path = "Preview Content";
			sourceTree = "<group>";
		};
		DF7FCC052BECBA170027DDFD /* ShoppingPjTests */ = {
			isa = PBXGroup;
			children = (
				DF7FCC062BECBA170027DDFD /* ShoppingPjTests.swift */,
			);
			path = ShoppingPjTests;
			sourceTree = "<group>";
		};
		DF7FCC0F2BECBA170027DDFD /* ShoppingPjUITests */ = {
			isa = PBXGroup;
			children = (
				DF7FCC102BECBA170027DDFD /* ShoppingPjUITests.swift */,
				DF7FCC122BECBA170027DDFD /* ShoppingPjUITestsLaunchTests.swift */,
			);
			path = ShoppingPjUITests;
			sourceTree = "<group>";
		};
		DF7FCC1F2BECE3360027DDFD /* Search */ = {
			isa = PBXGroup;
			children = (
				DF7FCC292BECEACF0027DDFD /* Modifier */,
				DF7FCC262BECE5710027DDFD /* Model */,
				DF7FCC252BECE5570027DDFD /* View */,
				DF7FCC202BECE3480027DDFD /* SearchViewModel */,
			);
			path = Search;
			sourceTree = "<group>";
		};
		DF7FCC202BECE3480027DDFD /* SearchViewModel */ = {
			isa = PBXGroup;
			children = (
				DF7FCC212BECE36D0027DDFD /* SearchViewModel.swift */,
			);
			path = SearchViewModel;
			sourceTree = "<group>";
		};
		DF7FCC252BECE5570027DDFD /* View */ = {
			isa = PBXGroup;
			children = (
				DF7FCBF72BECBA150027DDFD /* SearchView.swift */,
				DF7FCC2C2BECF2280027DDFD /* TopHeaderView.swift */,
			);
			path = View;
			sourceTree = "<group>";
		};
		DF7FCC262BECE5710027DDFD /* Model */ = {
			isa = PBXGroup;
			children = (
				DF7FCC272BECE57F0027DDFD /* SearchData.swift */,
			);
			path = Model;
			sourceTree = "<group>";
		};
		DF7FCC292BECEACF0027DDFD /* Modifier */ = {
			isa = PBXGroup;
			children = (
				DF7FCC2A2BECEAEE0027DDFD /* ButtonViewModifier.swift */,
			);
			path = Modifier;
			sourceTree = "<group>";
		};
		DF7FCC2E2BECF45E0027DDFD /* SearchResult */ = {
			isa = PBXGroup;
			children = (
				DF7FCC302BECF6ED0027DDFD /* ViewModel */,
				DF7FCC2F2BECF49E0027DDFD /* View */,
			);
			path = SearchResult;
			sourceTree = "<group>";
		};
		DF7FCC2F2BECF49E0027DDFD /* View */ = {
			isa = PBXGroup;
			children = (
				DF7FCC312BECF7110027DDFD /* SearchResultView.swift */,
			);
			path = View;
			sourceTree = "<group>";
		};
		DF7FCC302BECF6ED0027DDFD /* ViewModel */ = {
			isa = PBXGroup;
			children = (
				DF7FCC332BECF8800027DDFD /* SearchResultViewModel.swift */,
			);
			path = ViewModel;
			sourceTree = "<group>";
		};
/* End PBXGroup section */

/* Begin PBXNativeTarget section */
		DF7FCBF12BECBA150027DDFD /* ShoppingPj */ = {
			isa = PBXNativeTarget;
			buildConfigurationList = DF7FCC162BECBA170027DDFD /* Build configuration list for PBXNativeTarget "ShoppingPj" */;
			buildPhases = (
				DF7FCBEE2BECBA150027DDFD /* Sources */,
				DF7FCBEF2BECBA150027DDFD /* Frameworks */,
				DF7FCBF02BECBA150027DDFD /* Resources */,
			);
			buildRules = (
			);
			dependencies = (
			);
			name = ShoppingPj;
			productName = ShoppingPj;
			productReference = DF7FCBF22BECBA150027DDFD /* ShoppingPj.app */;
			productType = "com.apple.product-type.application";
		};
		DF7FCC012BECBA170027DDFD /* ShoppingPjTests */ = {
			isa = PBXNativeTarget;
			buildConfigurationList = DF7FCC192BECBA170027DDFD /* Build configuration list for PBXNativeTarget "ShoppingPjTests" */;
			buildPhases = (
				DF7FCBFE2BECBA170027DDFD /* Sources */,
				DF7FCBFF2BECBA170027DDFD /* Frameworks */,
				DF7FCC002BECBA170027DDFD /* Resources */,
			);
			buildRules = (
			);
			dependencies = (
				DF7FCC042BECBA170027DDFD /* PBXTargetDependency */,
			);
			name = ShoppingPjTests;
			productName = ShoppingPjTests;
			productReference = DF7FCC022BECBA170027DDFD /* ShoppingPjTests.xctest */;
			productType = "com.apple.product-type.bundle.unit-test";
		};
		DF7FCC0B2BECBA170027DDFD /* ShoppingPjUITests */ = {
			isa = PBXNativeTarget;
			buildConfigurationList = DF7FCC1C2BECBA170027DDFD /* Build configuration list for PBXNativeTarget "ShoppingPjUITests" */;
			buildPhases = (
				DF7FCC082BECBA170027DDFD /* Sources */,
				DF7FCC092BECBA170027DDFD /* Frameworks */,
				DF7FCC0A2BECBA170027DDFD /* Resources */,
			);
			buildRules = (
			);
			dependencies = (
				DF7FCC0E2BECBA170027DDFD /* PBXTargetDependency */,
			);
			name = ShoppingPjUITests;
			productName = ShoppingPjUITests;
			productReference = DF7FCC0C2BECBA170027DDFD /* ShoppingPjUITests.xctest */;
			productType = "com.apple.product-type.bundle.ui-testing";
		};
/* End PBXNativeTarget section */

/* Begin PBXProject section */
		DF7FCBEA2BECBA150027DDFD /* Project object */ = {
			isa = PBXProject;
			attributes = {
				BuildIndependentTargetsInParallel = 1;
				LastSwiftUpdateCheck = 1530;
				LastUpgradeCheck = 1530;
				TargetAttributes = {
					DF7FCBF12BECBA150027DDFD = {
						CreatedOnToolsVersion = 15.3;
					};
					DF7FCC012BECBA170027DDFD = {
						CreatedOnToolsVersion = 15.3;
						TestTargetID = DF7FCBF12BECBA150027DDFD;
					};
					DF7FCC0B2BECBA170027DDFD = {
						CreatedOnToolsVersion = 15.3;
						TestTargetID = DF7FCBF12BECBA150027DDFD;
					};
				};
			};
			buildConfigurationList = DF7FCBED2BECBA150027DDFD /* Build configuration list for PBXProject "ShoppingPj" */;
			compatibilityVersion = "Xcode 14.0";
			developmentRegion = en;
			hasScannedForEncodings = 0;
			knownRegions = (
				en,
				Base,
			);
			mainGroup = DF7FCBE92BECBA150027DDFD;
			productRefGroup = DF7FCBF32BECBA150027DDFD /* Products */;
			projectDirPath = "";
			projectRoot = "";
			targets = (
				DF7FCBF12BECBA150027DDFD /* ShoppingPj */,
				DF7FCC012BECBA170027DDFD /* ShoppingPjTests */,
				DF7FCC0B2BECBA170027DDFD /* ShoppingPjUITests */,
			);
		};
/* End PBXProject section */

/* Begin PBXResourcesBuildPhase section */
		DF7FCBF02BECBA150027DDFD /* Resources */ = {
			isa = PBXResourcesBuildPhase;
			buildActionMask = 2147483647;
			files = (
				DF7FCBFD2BECBA170027DDFD /* Preview Assets.xcassets in Resources */,
				DF7FCBFA2BECBA170027DDFD /* Assets.xcassets in Resources */,
			);
			runOnlyForDeploymentPostprocessing = 0;
		};
		DF7FCC002BECBA170027DDFD /* Resources */ = {
			isa = PBXResourcesBuildPhase;
			buildActionMask = 2147483647;
			files = (
			);
			runOnlyForDeploymentPostprocessing = 0;
		};
		DF7FCC0A2BECBA170027DDFD /* Resources */ = {
			isa = PBXResourcesBuildPhase;
			buildActionMask = 2147483647;
			files = (
			);
			runOnlyForDeploymentPostprocessing = 0;
		};
/* End PBXResourcesBuildPhase section */

/* Begin PBXSourcesBuildPhase section */
		DF7FCBEE2BECBA150027DDFD /* Sources */ = {
			isa = PBXSourcesBuildPhase;
			buildActionMask = 2147483647;
			files = (
				DF7FCC242BECE3A90027DDFD /* ViewModelType.swift in Sources */,
				DF7FCC322BECF7110027DDFD /* SearchResultView.swift in Sources */,
				DF7FCC2B2BECEAEE0027DDFD /* ButtonViewModifier.swift in Sources */,
				DF7FCC222BECE36D0027DDFD /* SearchViewModel.swift in Sources */,
				DF7FCBF82BECBA150027DDFD /* SearchView.swift in Sources */,
				DF7FCC2D2BECF2280027DDFD /* TopHeaderView.swift in Sources */,
				DF7FCC282BECE57F0027DDFD /* SearchData.swift in Sources */,
				DF7FCC342BECF8800027DDFD /* SearchResultViewModel.swift in Sources */,
				DF7FCBF62BECBA150027DDFD /* ShoppingPjApp.swift in Sources */,
			);
			runOnlyForDeploymentPostprocessing = 0;
		};
		DF7FCBFE2BECBA170027DDFD /* Sources */ = {
			isa = PBXSourcesBuildPhase;
			buildActionMask = 2147483647;
			files = (
				DF7FCC072BECBA170027DDFD /* ShoppingPjTests.swift in Sources */,
			);
			runOnlyForDeploymentPostprocessing = 0;
		};
		DF7FCC082BECBA170027DDFD /* Sources */ = {
			isa = PBXSourcesBuildPhase;
			buildActionMask = 2147483647;
			files = (
				DF7FCC132BECBA170027DDFD /* ShoppingPjUITestsLaunchTests.swift in Sources */,
				DF7FCC112BECBA170027DDFD /* ShoppingPjUITests.swift in Sources */,
			);
			runOnlyForDeploymentPostprocessing = 0;
		};
/* End PBXSourcesBuildPhase section */

/* Begin PBXTargetDependency section */
		DF7FCC042BECBA170027DDFD /* PBXTargetDependency */ = {
			isa = PBXTargetDependency;
			target = DF7FCBF12BECBA150027DDFD /* ShoppingPj */;
			targetProxy = DF7FCC032BECBA170027DDFD /* PBXContainerItemProxy */;
		};
		DF7FCC0E2BECBA170027DDFD /* PBXTargetDependency */ = {
			isa = PBXTargetDependency;
			target = DF7FCBF12BECBA150027DDFD /* ShoppingPj */;
			targetProxy = DF7FCC0D2BECBA170027DDFD /* PBXContainerItemProxy */;
		};
/* End PBXTargetDependency section */

/* Begin XCBuildConfiguration section */
		DF7FCC142BECBA170027DDFD /* Debug */ = {
			isa = XCBuildConfiguration;
			buildSettings = {
				ALWAYS_SEARCH_USER_PATHS = NO;
				ASSETCATALOG_COMPILER_GENERATE_SWIFT_ASSET_SYMBOL_EXTENSIONS = YES;
				CLANG_ANALYZER_NONNULL = YES;
				CLANG_ANALYZER_NUMBER_OBJECT_CONVERSION = YES_AGGRESSIVE;
				CLANG_CXX_LANGUAGE_STANDARD = "gnu++20";
				CLANG_ENABLE_MODULES = YES;
				CLANG_ENABLE_OBJC_ARC = YES;
				CLANG_ENABLE_OBJC_WEAK = YES;
				CLANG_WARN_BLOCK_CAPTURE_AUTORELEASING = YES;
				CLANG_WARN_BOOL_CONVERSION = YES;
				CLANG_WARN_COMMA = YES;
				CLANG_WARN_CONSTANT_CONVERSION = YES;
				CLANG_WARN_DEPRECATED_OBJC_IMPLEMENTATIONS = YES;
				CLANG_WARN_DIRECT_OBJC_ISA_USAGE = YES_ERROR;
				CLANG_WARN_DOCUMENTATION_COMMENTS = YES;
				CLANG_WARN_EMPTY_BODY = YES;
				CLANG_WARN_ENUM_CONVERSION = YES;
				CLANG_WARN_INFINITE_RECURSION = YES;
				CLANG_WARN_INT_CONVERSION = YES;
				CLANG_WARN_NON_LITERAL_NULL_CONVERSION = YES;
				CLANG_WARN_OBJC_IMPLICIT_RETAIN_SELF = YES;
				CLANG_WARN_OBJC_LITERAL_CONVERSION = YES;
				CLANG_WARN_OBJC_ROOT_CLASS = YES_ERROR;
				CLANG_WARN_QUOTED_INCLUDE_IN_FRAMEWORK_HEADER = YES;
				CLANG_WARN_RANGE_LOOP_ANALYSIS = YES;
				CLANG_WARN_STRICT_PROTOTYPES = YES;
				CLANG_WARN_SUSPICIOUS_MOVE = YES;
				CLANG_WARN_UNGUARDED_AVAILABILITY = YES_AGGRESSIVE;
				CLANG_WARN_UNREACHABLE_CODE = YES;
				CLANG_WARN__DUPLICATE_METHOD_MATCH = YES;
				COPY_PHASE_STRIP = NO;
				DEBUG_INFORMATION_FORMAT = dwarf;
				ENABLE_STRICT_OBJC_MSGSEND = YES;
				ENABLE_TESTABILITY = YES;
				ENABLE_USER_SCRIPT_SANDBOXING = YES;
				GCC_C_LANGUAGE_STANDARD = gnu17;
				GCC_DYNAMIC_NO_PIC = NO;
				GCC_NO_COMMON_BLOCKS = YES;
				GCC_OPTIMIZATION_LEVEL = 0;
				GCC_PREPROCESSOR_DEFINITIONS = (
					"DEBUG=1",
					"$(inherited)",
				);
				GCC_WARN_64_TO_32_BIT_CONVERSION = YES;
				GCC_WARN_ABOUT_RETURN_TYPE = YES_ERROR;
				GCC_WARN_UNDECLARED_SELECTOR = YES;
				GCC_WARN_UNINITIALIZED_AUTOS = YES_AGGRESSIVE;
				GCC_WARN_UNUSED_FUNCTION = YES;
				GCC_WARN_UNUSED_VARIABLE = YES;
				IPHONEOS_DEPLOYMENT_TARGET = 17.4;
				LOCALIZATION_PREFERS_STRING_CATALOGS = YES;
				MTL_ENABLE_DEBUG_INFO = INCLUDE_SOURCE;
				MTL_FAST_MATH = YES;
				ONLY_ACTIVE_ARCH = YES;
				SDKROOT = iphoneos;
				SWIFT_ACTIVE_COMPILATION_CONDITIONS = "DEBUG $(inherited)";
				SWIFT_OPTIMIZATION_LEVEL = "-Onone";
			};
			name = Debug;
		};
		DF7FCC152BECBA170027DDFD /* Release */ = {
			isa = XCBuildConfiguration;
			buildSettings = {
				ALWAYS_SEARCH_USER_PATHS = NO;
				ASSETCATALOG_COMPILER_GENERATE_SWIFT_ASSET_SYMBOL_EXTENSIONS = YES;
				CLANG_ANALYZER_NONNULL = YES;
				CLANG_ANALYZER_NUMBER_OBJECT_CONVERSION = YES_AGGRESSIVE;
				CLANG_CXX_LANGUAGE_STANDARD = "gnu++20";
				CLANG_ENABLE_MODULES = YES;
				CLANG_ENABLE_OBJC_ARC = YES;
				CLANG_ENABLE_OBJC_WEAK = YES;
				CLANG_WARN_BLOCK_CAPTURE_AUTORELEASING = YES;
				CLANG_WARN_BOOL_CONVERSION = YES;
				CLANG_WARN_COMMA = YES;
				CLANG_WARN_CONSTANT_CONVERSION = YES;
				CLANG_WARN_DEPRECATED_OBJC_IMPLEMENTATIONS = YES;
				CLANG_WARN_DIRECT_OBJC_ISA_USAGE = YES_ERROR;
				CLANG_WARN_DOCUMENTATION_COMMENTS = YES;
				CLANG_WARN_EMPTY_BODY = YES;
				CLANG_WARN_ENUM_CONVERSION = YES;
				CLANG_WARN_INFINITE_RECURSION = YES;
				CLANG_WARN_INT_CONVERSION = YES;
				CLANG_WARN_NON_LITERAL_NULL_CONVERSION = YES;
				CLANG_WARN_OBJC_IMPLICIT_RETAIN_SELF = YES;
				CLANG_WARN_OBJC_LITERAL_CONVERSION = YES;
				CLANG_WARN_OBJC_ROOT_CLASS = YES_ERROR;
				CLANG_WARN_QUOTED_INCLUDE_IN_FRAMEWORK_HEADER = YES;
				CLANG_WARN_RANGE_LOOP_ANALYSIS = YES;
				CLANG_WARN_STRICT_PROTOTYPES = YES;
				CLANG_WARN_SUSPICIOUS_MOVE = YES;
				CLANG_WARN_UNGUARDED_AVAILABILITY = YES_AGGRESSIVE;
				CLANG_WARN_UNREACHABLE_CODE = YES;
				CLANG_WARN__DUPLICATE_METHOD_MATCH = YES;
				COPY_PHASE_STRIP = NO;
				DEBUG_INFORMATION_FORMAT = "dwarf-with-dsym";
				ENABLE_NS_ASSERTIONS = NO;
				ENABLE_STRICT_OBJC_MSGSEND = YES;
				ENABLE_USER_SCRIPT_SANDBOXING = YES;
				GCC_C_LANGUAGE_STANDARD = gnu17;
				GCC_NO_COMMON_BLOCKS = YES;
				GCC_WARN_64_TO_32_BIT_CONVERSION = YES;
				GCC_WARN_ABOUT_RETURN_TYPE = YES_ERROR;
				GCC_WARN_UNDECLARED_SELECTOR = YES;
				GCC_WARN_UNINITIALIZED_AUTOS = YES_AGGRESSIVE;
				GCC_WARN_UNUSED_FUNCTION = YES;
				GCC_WARN_UNUSED_VARIABLE = YES;
				IPHONEOS_DEPLOYMENT_TARGET = 17.4;
				LOCALIZATION_PREFERS_STRING_CATALOGS = YES;
				MTL_ENABLE_DEBUG_INFO = NO;
				MTL_FAST_MATH = YES;
				SDKROOT = iphoneos;
				SWIFT_COMPILATION_MODE = wholemodule;
				VALIDATE_PRODUCT = YES;
			};
			name = Release;
		};
		DF7FCC172BECBA170027DDFD /* Debug */ = {
			isa = XCBuildConfiguration;
			buildSettings = {
				ASSETCATALOG_COMPILER_APPICON_NAME = AppIcon;
				ASSETCATALOG_COMPILER_GLOBAL_ACCENT_COLOR_NAME = AccentColor;
				CODE_SIGN_STYLE = Automatic;
				CURRENT_PROJECT_VERSION = 1;
				DEVELOPMENT_ASSET_PATHS = "\"ShoppingPj/Preview Content\"";
				DEVELOPMENT_TEAM = QQ67S8HZ4F;
				ENABLE_PREVIEWS = YES;
				GENERATE_INFOPLIST_FILE = YES;
				INFOPLIST_KEY_UIApplicationSceneManifest_Generation = YES;
				INFOPLIST_KEY_UIApplicationSupportsIndirectInputEvents = YES;
				INFOPLIST_KEY_UILaunchScreen_Generation = YES;
				INFOPLIST_KEY_UISupportedInterfaceOrientations_iPad = "UIInterfaceOrientationPortrait UIInterfaceOrientationPortraitUpsideDown UIInterfaceOrientationLandscapeLeft UIInterfaceOrientationLandscapeRight";
				INFOPLIST_KEY_UISupportedInterfaceOrientations_iPhone = "UIInterfaceOrientationPortrait UIInterfaceOrientationLandscapeLeft UIInterfaceOrientationLandscapeRight";
				LD_RUNPATH_SEARCH_PATHS = (
					"$(inherited)",
					"@executable_path/Frameworks",
				);
				MARKETING_VERSION = 1.0;
				PRODUCT_BUNDLE_IDENTIFIER = com.melon.ShoppingPj;
				PRODUCT_NAME = "$(TARGET_NAME)";
				SWIFT_EMIT_LOC_STRINGS = YES;
				SWIFT_VERSION = 5.0;
				TARGETED_DEVICE_FAMILY = "1,2";
			};
			name = Debug;
		};
		DF7FCC182BECBA170027DDFD /* Release */ = {
			isa = XCBuildConfiguration;
			buildSettings = {
				ASSETCATALOG_COMPILER_APPICON_NAME = AppIcon;
				ASSETCATALOG_COMPILER_GLOBAL_ACCENT_COLOR_NAME = AccentColor;
				CODE_SIGN_STYLE = Automatic;
				CURRENT_PROJECT_VERSION = 1;
				DEVELOPMENT_ASSET_PATHS = "\"ShoppingPj/Preview Content\"";
				DEVELOPMENT_TEAM = QQ67S8HZ4F;
				ENABLE_PREVIEWS = YES;
				GENERATE_INFOPLIST_FILE = YES;
				INFOPLIST_KEY_UIApplicationSceneManifest_Generation = YES;
				INFOPLIST_KEY_UIApplicationSupportsIndirectInputEvents = YES;
				INFOPLIST_KEY_UILaunchScreen_Generation = YES;
				INFOPLIST_KEY_UISupportedInterfaceOrientations_iPad = "UIInterfaceOrientationPortrait UIInterfaceOrientationPortraitUpsideDown UIInterfaceOrientationLandscapeLeft UIInterfaceOrientationLandscapeRight";
				INFOPLIST_KEY_UISupportedInterfaceOrientations_iPhone = "UIInterfaceOrientationPortrait UIInterfaceOrientationLandscapeLeft UIInterfaceOrientationLandscapeRight";
				LD_RUNPATH_SEARCH_PATHS = (
					"$(inherited)",
					"@executable_path/Frameworks",
				);
				MARKETING_VERSION = 1.0;
				PRODUCT_BUNDLE_IDENTIFIER = com.melon.ShoppingPj;
				PRODUCT_NAME = "$(TARGET_NAME)";
				SWIFT_EMIT_LOC_STRINGS = YES;
				SWIFT_VERSION = 5.0;
				TARGETED_DEVICE_FAMILY = "1,2";
			};
			name = Release;
		};
		DF7FCC1A2BECBA170027DDFD /* Debug */ = {
			isa = XCBuildConfiguration;
			buildSettings = {
				ALWAYS_EMBED_SWIFT_STANDARD_LIBRARIES = YES;
				BUNDLE_LOADER = "$(TEST_HOST)";
				CODE_SIGN_STYLE = Automatic;
				CURRENT_PROJECT_VERSION = 1;
				DEVELOPMENT_TEAM = QQ67S8HZ4F;
				GENERATE_INFOPLIST_FILE = YES;
				IPHONEOS_DEPLOYMENT_TARGET = 17.4;
				MARKETING_VERSION = 1.0;
				PRODUCT_BUNDLE_IDENTIFIER = com.melon.ShoppingPjTests;
				PRODUCT_NAME = "$(TARGET_NAME)";
				SWIFT_EMIT_LOC_STRINGS = NO;
				SWIFT_VERSION = 5.0;
				TARGETED_DEVICE_FAMILY = "1,2";
				TEST_HOST = "$(BUILT_PRODUCTS_DIR)/ShoppingPj.app/$(BUNDLE_EXECUTABLE_FOLDER_PATH)/ShoppingPj";
			};
			name = Debug;
		};
		DF7FCC1B2BECBA170027DDFD /* Release */ = {
			isa = XCBuildConfiguration;
			buildSettings = {
				ALWAYS_EMBED_SWIFT_STANDARD_LIBRARIES = YES;
				BUNDLE_LOADER = "$(TEST_HOST)";
				CODE_SIGN_STYLE = Automatic;
				CURRENT_PROJECT_VERSION = 1;
				DEVELOPMENT_TEAM = QQ67S8HZ4F;
				GENERATE_INFOPLIST_FILE = YES;
				IPHONEOS_DEPLOYMENT_TARGET = 17.4;
				MARKETING_VERSION = 1.0;
				PRODUCT_BUNDLE_IDENTIFIER = com.melon.ShoppingPjTests;
				PRODUCT_NAME = "$(TARGET_NAME)";
				SWIFT_EMIT_LOC_STRINGS = NO;
				SWIFT_VERSION = 5.0;
				TARGETED_DEVICE_FAMILY = "1,2";
				TEST_HOST = "$(BUILT_PRODUCTS_DIR)/ShoppingPj.app/$(BUNDLE_EXECUTABLE_FOLDER_PATH)/ShoppingPj";
			};
			name = Release;
		};
		DF7FCC1D2BECBA170027DDFD /* Debug */ = {
			isa = XCBuildConfiguration;
			buildSettings = {
				ALWAYS_EMBED_SWIFT_STANDARD_LIBRARIES = YES;
				CODE_SIGN_STYLE = Automatic;
				CURRENT_PROJECT_VERSION = 1;
				DEVELOPMENT_TEAM = QQ67S8HZ4F;
				GENERATE_INFOPLIST_FILE = YES;
				MARKETING_VERSION = 1.0;
				PRODUCT_BUNDLE_IDENTIFIER = com.melon.ShoppingPjUITests;
				PRODUCT_NAME = "$(TARGET_NAME)";
				SWIFT_EMIT_LOC_STRINGS = NO;
				SWIFT_VERSION = 5.0;
				TARGETED_DEVICE_FAMILY = "1,2";
				TEST_TARGET_NAME = ShoppingPj;
			};
			name = Debug;
		};
		DF7FCC1E2BECBA170027DDFD /* Release */ = {
			isa = XCBuildConfiguration;
			buildSettings = {
				ALWAYS_EMBED_SWIFT_STANDARD_LIBRARIES = YES;
				CODE_SIGN_STYLE = Automatic;
				CURRENT_PROJECT_VERSION = 1;
				DEVELOPMENT_TEAM = QQ67S8HZ4F;
				GENERATE_INFOPLIST_FILE = YES;
				MARKETING_VERSION = 1.0;
				PRODUCT_BUNDLE_IDENTIFIER = com.melon.ShoppingPjUITests;
				PRODUCT_NAME = "$(TARGET_NAME)";
				SWIFT_EMIT_LOC_STRINGS = NO;
				SWIFT_VERSION = 5.0;
				TARGETED_DEVICE_FAMILY = "1,2";
				TEST_TARGET_NAME = ShoppingPj;
			};
			name = Release;
		};
/* End XCBuildConfiguration section */

/* Begin XCConfigurationList section */
		DF7FCBED2BECBA150027DDFD /* Build configuration list for PBXProject "ShoppingPj" */ = {
			isa = XCConfigurationList;
			buildConfigurations = (
				DF7FCC142BECBA170027DDFD /* Debug */,
				DF7FCC152BECBA170027DDFD /* Release */,
			);
			defaultConfigurationIsVisible = 0;
			defaultConfigurationName = Release;
		};
		DF7FCC162BECBA170027DDFD /* Build configuration list for PBXNativeTarget "ShoppingPj" */ = {
			isa = XCConfigurationList;
			buildConfigurations = (
				DF7FCC172BECBA170027DDFD /* Debug */,
				DF7FCC182BECBA170027DDFD /* Release */,
			);
			defaultConfigurationIsVisible = 0;
			defaultConfigurationName = Release;
		};
		DF7FCC192BECBA170027DDFD /* Build configuration list for PBXNativeTarget "ShoppingPjTests" */ = {
			isa = XCConfigurationList;
			buildConfigurations = (
				DF7FCC1A2BECBA170027DDFD /* Debug */,
				DF7FCC1B2BECBA170027DDFD /* Release */,
			);
			defaultConfigurationIsVisible = 0;
			defaultConfigurationName = Release;
		};
		DF7FCC1C2BECBA170027DDFD /* Build configuration list for PBXNativeTarget "ShoppingPjUITests" */ = {
			isa = XCConfigurationList;
			buildConfigurations = (
				DF7FCC1D2BECBA170027DDFD /* Debug */,
				DF7FCC1E2BECBA170027DDFD /* Release */,
			);
			defaultConfigurationIsVisible = 0;
			defaultConfigurationName = Release;
		};
/* End XCConfigurationList section */
	};
	rootObject = DF7FCBEA2BECBA150027DDFD /* Project object */;
}
